// !$*UTF8*$!
{
	archiveVersion = 1;
	classes = {
	};
	objectVersion = 56;
	objects = {

/* Begin PBXBuildFile section */
		931E8E3328F5C8AC000E0853 /* RawgApp.swift in Sources */ = {isa = PBXBuildFile; fileRef = 931E8E3228F5C8AC000E0853 /* RawgApp.swift */; };
		931E8E3528F5C8AC000E0853 /* ContentView.swift in Sources */ = {isa = PBXBuildFile; fileRef = 931E8E3428F5C8AC000E0853 /* ContentView.swift */; };
		931E8E3728F5C8AC000E0853 /* Assets.xcassets in Resources */ = {isa = PBXBuildFile; fileRef = 931E8E3628F5C8AC000E0853 /* Assets.xcassets */; };
		931E8E3A28F5C8AC000E0853 /* Preview Assets.xcassets in Resources */ = {isa = PBXBuildFile; fileRef = 931E8E3928F5C8AC000E0853 /* Preview Assets.xcassets */; };
		9322D41628FFC34F00DD8069 /* GameItem.swift in Sources */ = {isa = PBXBuildFile; fileRef = 9322D41528FFC34F00DD8069 /* GameItem.swift */; };
		9322D41928FFC44300DD8069 /* Space.swift in Sources */ = {isa = PBXBuildFile; fileRef = 9322D41828FFC44300DD8069 /* Space.swift */; };
		9322D41B28FFC54A00DD8069 /* Icons.swift in Sources */ = {isa = PBXBuildFile; fileRef = 9322D41A28FFC54A00DD8069 /* Icons.swift */; };
		9322D41D28FFC6D400DD8069 /* GamesResponse.swift in Sources */ = {isa = PBXBuildFile; fileRef = 9322D41C28FFC6D400DD8069 /* GamesResponse.swift */; };
		9322D4252902C51D00DD8069 /* games_response.json in Resources */ = {isa = PBXBuildFile; fileRef = 9322D4242902C51C00DD8069 /* games_response.json */; };
		9322D4282902C67100DD8069 /* PreviewData.swift in Sources */ = {isa = PBXBuildFile; fileRef = 9322D4272902C67100DD8069 /* PreviewData.swift */; };
		93747338291436EA009B557F /* GameFavoriteItem.swift in Sources */ = {isa = PBXBuildFile; fileRef = 93747337291436EA009B557F /* GameFavoriteItem.swift */; };
		9374733A291450D1009B557F /* BindingUtils.swift in Sources */ = {isa = PBXBuildFile; fileRef = 93747339291450D1009B557F /* BindingUtils.swift */; };
		93A2F3F02906507A00CDD889 /* Color.swift in Sources */ = {isa = PBXBuildFile; fileRef = 93A2F3EF2906507A00CDD889 /* Color.swift */; };
		93A2F3F3290650DA00CDD889 /* Const.swift in Sources */ = {isa = PBXBuildFile; fileRef = 93A2F3F2290650DA00CDD889 /* Const.swift */; };
		93A2F3F52906511500CDD889 /* UserDefaultsUtils.swift in Sources */ = {isa = PBXBuildFile; fileRef = 93A2F3F42906511500CDD889 /* UserDefaultsUtils.swift */; };
		93A2F3FA29066A2700CDD889 /* Profile.swift in Sources */ = {isa = PBXBuildFile; fileRef = 93A2F3F929066A2700CDD889 /* Profile.swift */; };
		93A2F3FE29066A4200CDD889 /* Home.swift in Sources */ = {isa = PBXBuildFile; fileRef = 93A2F3FD29066A4200CDD889 /* Home.swift */; };
		93A2F4002906E2EB00CDD889 /* GameRow.swift in Sources */ = {isa = PBXBuildFile; fileRef = 93A2F3FF2906E2EB00CDD889 /* GameRow.swift */; };
		93A2F4022906E4AD00CDD889 /* games_top_rated_response.json in Resources */ = {isa = PBXBuildFile; fileRef = 93A2F4012906E4AD00CDD889 /* games_top_rated_response.json */; };
		93A2F4042906E85F00CDD889 /* HomeViewModel.swift in Sources */ = {isa = PBXBuildFile; fileRef = 93A2F4032906E85F00CDD889 /* HomeViewModel.swift */; };
		93C92872291175E200B28CF3 /* FavoriteButton.swift in Sources */ = {isa = PBXBuildFile; fileRef = 93C92871291175E200B28CF3 /* FavoriteButton.swift */; };
		93C928762911765800B28CF3 /* User.xcdatamodeld in Sources */ = {isa = PBXBuildFile; fileRef = 93C928742911765800B28CF3 /* User.xcdatamodeld */; };
		93C92878291176E100B28CF3 /* UserProvider.swift in Sources */ = {isa = PBXBuildFile; fileRef = 93C92877291176E100B28CF3 /* UserProvider.swift */; };
		93C9287A2911791800B28CF3 /* FavoriteModel.swift in Sources */ = {isa = PBXBuildFile; fileRef = 93C928792911791800B28CF3 /* FavoriteModel.swift */; };
		93C9287D29117AAA00B28CF3 /* Favorite.swift in Sources */ = {isa = PBXBuildFile; fileRef = 93C9287C29117AAA00B28CF3 /* Favorite.swift */; };
		93C9287F29117B3B00B28CF3 /* FavoriteViewModel.swift in Sources */ = {isa = PBXBuildFile; fileRef = 93C9287E29117B3B00B28CF3 /* FavoriteViewModel.swift */; };
		93E263322902DE950051177D /* Formatter.swift in Sources */ = {isa = PBXBuildFile; fileRef = 93E263312902DE950051177D /* Formatter.swift */; };
		93E2633F29031B170051177D /* Alamofire in Frameworks */ = {isa = PBXBuildFile; productRef = 93E2633E29031B170051177D /* Alamofire */; };
		93E263432903DC580051177D /* ExploreViewModel.swift in Sources */ = {isa = PBXBuildFile; fileRef = 93E263422903DC580051177D /* ExploreViewModel.swift */; };
		93E263452903DD080051177D /* RawgApi.swift in Sources */ = {isa = PBXBuildFile; fileRef = 93E263442903DD080051177D /* RawgApi.swift */; };
		93E263482903ECA60051177D /* ExploreGrid.swift in Sources */ = {isa = PBXBuildFile; fileRef = 93E263472903ECA60051177D /* ExploreGrid.swift */; };
		93E2634B2903F3280051177D /* Kingfisher in Frameworks */ = {isa = PBXBuildFile; productRef = 93E2634A2903F3280051177D /* Kingfisher */; };
		93E2634D2903F4960051177D /* ImageView.swift in Sources */ = {isa = PBXBuildFile; fileRef = 93E2634C2903F4960051177D /* ImageView.swift */; };
		93E2634F2904069E0051177D /* Shape.swift in Sources */ = {isa = PBXBuildFile; fileRef = 93E2634E2904069E0051177D /* Shape.swift */; };
		93E2635529040E5A0051177D /* GameDetail.swift in Sources */ = {isa = PBXBuildFile; fileRef = 93E2635429040E5A0051177D /* GameDetail.swift */; };
		93E2635729040E7E0051177D /* game_detail_response.json in Resources */ = {isa = PBXBuildFile; fileRef = 93E2635629040E7E0051177D /* game_detail_response.json */; };
		93E2635929040EA20051177D /* GameDetailResponse.swift in Sources */ = {isa = PBXBuildFile; fileRef = 93E2635829040EA20051177D /* GameDetailResponse.swift */; };
		93E2635B29040F4C0051177D /* RatingResponse.swift in Sources */ = {isa = PBXBuildFile; fileRef = 93E2635A29040F4C0051177D /* RatingResponse.swift */; };
		93E2635D29040FAB0051177D /* RequirementsResponse.swift in Sources */ = {isa = PBXBuildFile; fileRef = 93E2635C29040FAB0051177D /* RequirementsResponse.swift */; };
		93E2635F290410270051177D /* StoreResponse.swift in Sources */ = {isa = PBXBuildFile; fileRef = 93E2635E290410270051177D /* StoreResponse.swift */; };
		93E26363290410B80051177D /* GenreResponse.swift in Sources */ = {isa = PBXBuildFile; fileRef = 93E26362290410B80051177D /* GenreResponse.swift */; };
		93E26366290410F70051177D /* AddedByStatusResponse.swift in Sources */ = {isa = PBXBuildFile; fileRef = 93E26365290410F70051177D /* AddedByStatusResponse.swift */; };
		93E2636A290411680051177D /* ParentPlatformResponse.swift in Sources */ = {isa = PBXBuildFile; fileRef = 93E26369290411680051177D /* ParentPlatformResponse.swift */; };
		93E2636C290411CE0051177D /* PlatformElementResponse.swift in Sources */ = {isa = PBXBuildFile; fileRef = 93E2636B290411CE0051177D /* PlatformElementResponse.swift */; };
		93E2636E29041AF00051177D /* GameRateItem.swift in Sources */ = {isa = PBXBuildFile; fileRef = 93E2636D29041AF00051177D /* GameRateItem.swift */; };
		93E2637029042CC90051177D /* RatingView.swift in Sources */ = {isa = PBXBuildFile; fileRef = 93E2636F29042CC90051177D /* RatingView.swift */; };
		93E2637229043DA20051177D /* GameInformationItem.swift in Sources */ = {isa = PBXBuildFile; fileRef = 93E2637129043DA20051177D /* GameInformationItem.swift */; };
		93E26374290442C90051177D /* DetailViewModel.swift in Sources */ = {isa = PBXBuildFile; fileRef = 93E26373290442C90051177D /* DetailViewModel.swift */; };
		93E2637829058FD50051177D /* GameSearchResponse.swift in Sources */ = {isa = PBXBuildFile; fileRef = 93E2637729058FD50051177D /* GameSearchResponse.swift */; };
		93E2637A2905918B0051177D /* ShortScreenshotResponse.swift in Sources */ = {isa = PBXBuildFile; fileRef = 93E263792905918B0051177D /* ShortScreenshotResponse.swift */; };
		93E2637C290597360051177D /* GameResultResponse.swift in Sources */ = {isa = PBXBuildFile; fileRef = 93E2637B290597360051177D /* GameResultResponse.swift */; };
		93E573AB29145F2F009676B8 /* ProfileEdit.swift in Sources */ = {isa = PBXBuildFile; fileRef = 93E573AA29145F2F009676B8 /* ProfileEdit.swift */; };
/* End PBXBuildFile section */

/* Begin PBXFileReference section */
		931E8E2F28F5C8AC000E0853 /* Rawg.app */ = {isa = PBXFileReference; explicitFileType = wrapper.application; includeInIndex = 0; path = Rawg.app; sourceTree = BUILT_PRODUCTS_DIR; };
		931E8E3228F5C8AC000E0853 /* RawgApp.swift */ = {isa = PBXFileReference; lastKnownFileType = sourcecode.swift; path = RawgApp.swift; sourceTree = "<group>"; };
		931E8E3428F5C8AC000E0853 /* ContentView.swift */ = {isa = PBXFileReference; lastKnownFileType = sourcecode.swift; path = ContentView.swift; sourceTree = "<group>"; };
		931E8E3628F5C8AC000E0853 /* Assets.xcassets */ = {isa = PBXFileReference; lastKnownFileType = folder.assetcatalog; path = Assets.xcassets; sourceTree = "<group>"; };
		931E8E3928F5C8AC000E0853 /* Preview Assets.xcassets */ = {isa = PBXFileReference; lastKnownFileType = folder.assetcatalog; path = "Preview Assets.xcassets"; sourceTree = "<group>"; };
		9322D41528FFC34F00DD8069 /* GameItem.swift */ = {isa = PBXFileReference; lastKnownFileType = sourcecode.swift; path = GameItem.swift; sourceTree = "<group>"; };
		9322D41828FFC44300DD8069 /* Space.swift */ = {isa = PBXFileReference; lastKnownFileType = sourcecode.swift; path = Space.swift; sourceTree = "<group>"; };
		9322D41A28FFC54A00DD8069 /* Icons.swift */ = {isa = PBXFileReference; lastKnownFileType = sourcecode.swift; path = Icons.swift; sourceTree = "<group>"; };
		9322D41C28FFC6D400DD8069 /* GamesResponse.swift */ = {isa = PBXFileReference; lastKnownFileType = sourcecode.swift; path = GamesResponse.swift; sourceTree = "<group>"; };
		9322D4242902C51C00DD8069 /* games_response.json */ = {isa = PBXFileReference; fileEncoding = 4; lastKnownFileType = text.json; path = games_response.json; sourceTree = "<group>"; };
		9322D4272902C67100DD8069 /* PreviewData.swift */ = {isa = PBXFileReference; lastKnownFileType = sourcecode.swift; path = PreviewData.swift; sourceTree = "<group>"; };
		93747337291436EA009B557F /* GameFavoriteItem.swift */ = {isa = PBXFileReference; lastKnownFileType = sourcecode.swift; path = GameFavoriteItem.swift; sourceTree = "<group>"; };
		93747339291450D1009B557F /* BindingUtils.swift */ = {isa = PBXFileReference; lastKnownFileType = sourcecode.swift; path = BindingUtils.swift; sourceTree = "<group>"; };
		93A2F3EF2906507A00CDD889 /* Color.swift */ = {isa = PBXFileReference; lastKnownFileType = sourcecode.swift; path = Color.swift; sourceTree = "<group>"; };
		93A2F3F2290650DA00CDD889 /* Const.swift */ = {isa = PBXFileReference; lastKnownFileType = sourcecode.swift; path = Const.swift; sourceTree = "<group>"; };
		93A2F3F42906511500CDD889 /* UserDefaultsUtils.swift */ = {isa = PBXFileReference; lastKnownFileType = sourcecode.swift; path = UserDefaultsUtils.swift; sourceTree = "<group>"; };
		93A2F3F929066A2700CDD889 /* Profile.swift */ = {isa = PBXFileReference; lastKnownFileType = sourcecode.swift; path = Profile.swift; sourceTree = "<group>"; };
		93A2F3FD29066A4200CDD889 /* Home.swift */ = {isa = PBXFileReference; lastKnownFileType = sourcecode.swift; path = Home.swift; sourceTree = "<group>"; };
		93A2F3FF2906E2EB00CDD889 /* GameRow.swift */ = {isa = PBXFileReference; lastKnownFileType = sourcecode.swift; path = GameRow.swift; sourceTree = "<group>"; };
		93A2F4012906E4AD00CDD889 /* games_top_rated_response.json */ = {isa = PBXFileReference; fileEncoding = 4; lastKnownFileType = text.json; path = games_top_rated_response.json; sourceTree = "<group>"; };
		93A2F4032906E85F00CDD889 /* HomeViewModel.swift */ = {isa = PBXFileReference; lastKnownFileType = sourcecode.swift; path = HomeViewModel.swift; sourceTree = "<group>"; };
		93C92871291175E200B28CF3 /* FavoriteButton.swift */ = {isa = PBXFileReference; lastKnownFileType = sourcecode.swift; path = FavoriteButton.swift; sourceTree = "<group>"; };
		93C928752911765800B28CF3 /* User.xcdatamodel */ = {isa = PBXFileReference; lastKnownFileType = wrapper.xcdatamodel; path = User.xcdatamodel; sourceTree = "<group>"; };
		93C92877291176E100B28CF3 /* UserProvider.swift */ = {isa = PBXFileReference; lastKnownFileType = sourcecode.swift; path = UserProvider.swift; sourceTree = "<group>"; };
		93C928792911791800B28CF3 /* FavoriteModel.swift */ = {isa = PBXFileReference; lastKnownFileType = sourcecode.swift; path = FavoriteModel.swift; sourceTree = "<group>"; };
		93C9287C29117AAA00B28CF3 /* Favorite.swift */ = {isa = PBXFileReference; lastKnownFileType = sourcecode.swift; path = Favorite.swift; sourceTree = "<group>"; };
		93C9287E29117B3B00B28CF3 /* FavoriteViewModel.swift */ = {isa = PBXFileReference; lastKnownFileType = sourcecode.swift; path = FavoriteViewModel.swift; sourceTree = "<group>"; };
		93E263312902DE950051177D /* Formatter.swift */ = {isa = PBXFileReference; lastKnownFileType = sourcecode.swift; path = Formatter.swift; sourceTree = "<group>"; };
		93E263422903DC580051177D /* ExploreViewModel.swift */ = {isa = PBXFileReference; lastKnownFileType = sourcecode.swift; path = ExploreViewModel.swift; sourceTree = "<group>"; };
		93E263442903DD080051177D /* RawgApi.swift */ = {isa = PBXFileReference; lastKnownFileType = sourcecode.swift; path = RawgApi.swift; sourceTree = "<group>"; };
		93E263472903ECA60051177D /* ExploreGrid.swift */ = {isa = PBXFileReference; lastKnownFileType = sourcecode.swift; path = ExploreGrid.swift; sourceTree = "<group>"; };
		93E2634C2903F4960051177D /* ImageView.swift */ = {isa = PBXFileReference; lastKnownFileType = sourcecode.swift; path = ImageView.swift; sourceTree = "<group>"; };
		93E2634E2904069E0051177D /* Shape.swift */ = {isa = PBXFileReference; lastKnownFileType = sourcecode.swift; path = Shape.swift; sourceTree = "<group>"; };
		93E2635429040E5A0051177D /* GameDetail.swift */ = {isa = PBXFileReference; lastKnownFileType = sourcecode.swift; path = GameDetail.swift; sourceTree = "<group>"; };
		93E2635629040E7E0051177D /* game_detail_response.json */ = {isa = PBXFileReference; fileEncoding = 4; lastKnownFileType = text.json; path = game_detail_response.json; sourceTree = "<group>"; };
		93E2635829040EA20051177D /* GameDetailResponse.swift */ = {isa = PBXFileReference; lastKnownFileType = sourcecode.swift; path = GameDetailResponse.swift; sourceTree = "<group>"; };
		93E2635A29040F4C0051177D /* RatingResponse.swift */ = {isa = PBXFileReference; lastKnownFileType = sourcecode.swift; path = RatingResponse.swift; sourceTree = "<group>"; };
		93E2635C29040FAB0051177D /* RequirementsResponse.swift */ = {isa = PBXFileReference; lastKnownFileType = sourcecode.swift; path = RequirementsResponse.swift; sourceTree = "<group>"; };
		93E2635E290410270051177D /* StoreResponse.swift */ = {isa = PBXFileReference; lastKnownFileType = sourcecode.swift; path = StoreResponse.swift; sourceTree = "<group>"; };
		93E26362290410B80051177D /* GenreResponse.swift */ = {isa = PBXFileReference; lastKnownFileType = sourcecode.swift; path = GenreResponse.swift; sourceTree = "<group>"; };
		93E26365290410F70051177D /* AddedByStatusResponse.swift */ = {isa = PBXFileReference; lastKnownFileType = sourcecode.swift; path = AddedByStatusResponse.swift; sourceTree = "<group>"; };
		93E26369290411680051177D /* ParentPlatformResponse.swift */ = {isa = PBXFileReference; lastKnownFileType = sourcecode.swift; path = ParentPlatformResponse.swift; sourceTree = "<group>"; };
		93E2636B290411CE0051177D /* PlatformElementResponse.swift */ = {isa = PBXFileReference; lastKnownFileType = sourcecode.swift; path = PlatformElementResponse.swift; sourceTree = "<group>"; };
		93E2636D29041AF00051177D /* GameRateItem.swift */ = {isa = PBXFileReference; lastKnownFileType = sourcecode.swift; path = GameRateItem.swift; sourceTree = "<group>"; };
		93E2636F29042CC90051177D /* RatingView.swift */ = {isa = PBXFileReference; lastKnownFileType = sourcecode.swift; path = RatingView.swift; sourceTree = "<group>"; };
		93E2637129043DA20051177D /* GameInformationItem.swift */ = {isa = PBXFileReference; lastKnownFileType = sourcecode.swift; path = GameInformationItem.swift; sourceTree = "<group>"; };
		93E26373290442C90051177D /* DetailViewModel.swift */ = {isa = PBXFileReference; lastKnownFileType = sourcecode.swift; path = DetailViewModel.swift; sourceTree = "<group>"; };
		93E2637729058FD50051177D /* GameSearchResponse.swift */ = {isa = PBXFileReference; lastKnownFileType = sourcecode.swift; path = GameSearchResponse.swift; sourceTree = "<group>"; };
		93E263792905918B0051177D /* ShortScreenshotResponse.swift */ = {isa = PBXFileReference; lastKnownFileType = sourcecode.swift; path = ShortScreenshotResponse.swift; sourceTree = "<group>"; };
		93E2637B290597360051177D /* GameResultResponse.swift */ = {isa = PBXFileReference; lastKnownFileType = sourcecode.swift; path = GameResultResponse.swift; sourceTree = "<group>"; };
		93E573AA29145F2F009676B8 /* ProfileEdit.swift */ = {isa = PBXFileReference; lastKnownFileType = sourcecode.swift; path = ProfileEdit.swift; sourceTree = "<group>"; };
/* End PBXFileReference section */

/* Begin PBXFrameworksBuildPhase section */
		931E8E2C28F5C8AC000E0853 /* Frameworks */ = {
			isa = PBXFrameworksBuildPhase;
			buildActionMask = 2147483647;
			files = (
				93E2634B2903F3280051177D /* Kingfisher in Frameworks */,
				93E2633F29031B170051177D /* Alamofire in Frameworks */,
			);
			runOnlyForDeploymentPostprocessing = 0;
		};
/* End PBXFrameworksBuildPhase section */

/* Begin PBXGroup section */
		931E8E2628F5C8AC000E0853 = {
			isa = PBXGroup;
			children = (
				931E8E3128F5C8AC000E0853 /* Rawg */,
				931E8E3028F5C8AC000E0853 /* Products */,
			);
			sourceTree = "<group>";
		};
		931E8E3028F5C8AC000E0853 /* Products */ = {
			isa = PBXGroup;
			children = (
				931E8E2F28F5C8AC000E0853 /* Rawg.app */,
			);
			name = Products;
			sourceTree = "<group>";
		};
		931E8E3128F5C8AC000E0853 /* Rawg */ = {
			isa = PBXGroup;
			children = (
				931E8E3228F5C8AC000E0853 /* RawgApp.swift */,
				9322D40E28FFBC9600DD8069 /* Views */,
				9322D40F28FFBCAD00DD8069 /* ViewModel */,
				9322D41028FFBCBE00DD8069 /* Network */,
				93C928732911762700B28CF3 /* Database */,
				9322D41228FFBCDE00DD8069 /* Model */,
				93E263302902DE190051177D /* Util */,
				9322D41728FFC42900DD8069 /* Theme */,
				931E8E3628F5C8AC000E0853 /* Assets.xcassets */,
				931E8E3828F5C8AC000E0853 /* Preview Content */,
			);
			path = Rawg;
			sourceTree = "<group>";
		};
		931E8E3828F5C8AC000E0853 /* Preview Content */ = {
			isa = PBXGroup;
			children = (
				9322D4272902C67100DD8069 /* PreviewData.swift */,
				9322D4262902C65B00DD8069 /* ApiResponses */,
				931E8E3928F5C8AC000E0853 /* Preview Assets.xcassets */,
			);
			path = "Preview Content";
			sourceTree = "<group>";
		};
		9322D40E28FFBC9600DD8069 /* Views */ = {
			isa = PBXGroup;
			children = (
				931E8E3428F5C8AC000E0853 /* ContentView.swift */,
				9322D41328FFC2E000DD8069 /* Home */,
				93E263462903EC8A0051177D /* Explore */,
				93C9287B29117A9400B28CF3 /* Favorite */,
				93A2F3F829066A0E00CDD889 /* Profile */,
				9322D41428FFC32300DD8069 /* Games */,
			);
			path = Views;
			sourceTree = "<group>";
		};
		9322D40F28FFBCAD00DD8069 /* ViewModel */ = {
			isa = PBXGroup;
			children = (
				93A2F4032906E85F00CDD889 /* HomeViewModel.swift */,
				93E263422903DC580051177D /* ExploreViewModel.swift */,
				93C9287E29117B3B00B28CF3 /* FavoriteViewModel.swift */,
				93E26373290442C90051177D /* DetailViewModel.swift */,
			);
			path = ViewModel;
			sourceTree = "<group>";
		};
		9322D41028FFBCBE00DD8069 /* Network */ = {
			isa = PBXGroup;
			children = (
				93E263442903DD080051177D /* RawgApi.swift */,
			);
			path = Network;
			sourceTree = "<group>";
		};
		9322D41228FFBCDE00DD8069 /* Model */ = {
			isa = PBXGroup;
			children = (
				9322D41C28FFC6D400DD8069 /* GamesResponse.swift */,
				93E2635829040EA20051177D /* GameDetailResponse.swift */,
				93E2637729058FD50051177D /* GameSearchResponse.swift */,
				93E26364290410D00051177D /* Shared */,
			);
			path = Model;
			sourceTree = "<group>";
		};
		9322D41328FFC2E000DD8069 /* Home */ = {
			isa = PBXGroup;
			children = (
				93A2F3FD29066A4200CDD889 /* Home.swift */,
			);
			path = Home;
			sourceTree = "<group>";
		};
		9322D41428FFC32300DD8069 /* Games */ = {
			isa = PBXGroup;
			children = (
				93E2635429040E5A0051177D /* GameDetail.swift */,
				93E2636D29041AF00051177D /* GameRateItem.swift */,
				93E2637129043DA20051177D /* GameInformationItem.swift */,
				93A2F3FF2906E2EB00CDD889 /* GameRow.swift */,
				9322D41528FFC34F00DD8069 /* GameItem.swift */,
				93747337291436EA009B557F /* GameFavoriteItem.swift */,
			);
			path = Games;
			sourceTree = "<group>";
		};
		9322D41728FFC42900DD8069 /* Theme */ = {
			isa = PBXGroup;
			children = (
				93A2F3F12906508000CDD889 /* Extensions */,
				9322D41828FFC44300DD8069 /* Space.swift */,
				93E2634E2904069E0051177D /* Shape.swift */,
				9322D41A28FFC54A00DD8069 /* Icons.swift */,
			);
			path = Theme;
			sourceTree = "<group>";
		};
		9322D4262902C65B00DD8069 /* ApiResponses */ = {
			isa = PBXGroup;
			children = (
				9322D4242902C51C00DD8069 /* games_response.json */,
				93A2F4012906E4AD00CDD889 /* games_top_rated_response.json */,
				93E2635629040E7E0051177D /* game_detail_response.json */,
			);
			path = ApiResponses;
			sourceTree = "<group>";
		};
		9374733B291450DF009B557F /* Extensions */ = {
			isa = PBXGroup;
			children = (
				93747339291450D1009B557F /* BindingUtils.swift */,
			);
			path = Extensions;
			sourceTree = "<group>";
		};
		93A2F3F12906508000CDD889 /* Extensions */ = {
			isa = PBXGroup;
			children = (
				93A2F3EF2906507A00CDD889 /* Color.swift */,
			);
			path = Extensions;
			sourceTree = "<group>";
		};
		93A2F3F829066A0E00CDD889 /* Profile */ = {
			isa = PBXGroup;
			children = (
				93A2F3F929066A2700CDD889 /* Profile.swift */,
				93E573AA29145F2F009676B8 /* ProfileEdit.swift */,
			);
			path = Profile;
			sourceTree = "<group>";
		};
		93C928732911762700B28CF3 /* Database */ = {
			isa = PBXGroup;
			children = (
				93C92877291176E100B28CF3 /* UserProvider.swift */,
				93C928792911791800B28CF3 /* FavoriteModel.swift */,
				93C928742911765800B28CF3 /* User.xcdatamodeld */,
			);
			path = Database;
			sourceTree = "<group>";
		};
		93C9287B29117A9400B28CF3 /* Favorite */ = {
			isa = PBXGroup;
			children = (
				93C9287C29117AAA00B28CF3 /* Favorite.swift */,
			);
			path = Favorite;
			sourceTree = "<group>";
		};
		93E263302902DE190051177D /* Util */ = {
			isa = PBXGroup;
			children = (
				9374733B291450DF009B557F /* Extensions */,
				93E2634C2903F4960051177D /* ImageView.swift */,
				93E2636F29042CC90051177D /* RatingView.swift */,
				93C92871291175E200B28CF3 /* FavoriteButton.swift */,
				93E263312902DE950051177D /* Formatter.swift */,
				93A2F3F2290650DA00CDD889 /* Const.swift */,
				93A2F3F42906511500CDD889 /* UserDefaultsUtils.swift */,
			);
			path = Util;
			sourceTree = "<group>";
		};
		93E263462903EC8A0051177D /* Explore */ = {
			isa = PBXGroup;
			children = (
				93E263472903ECA60051177D /* ExploreGrid.swift */,
			);
			path = Explore;
			sourceTree = "<group>";
		};
		93E26364290410D00051177D /* Shared */ = {
			isa = PBXGroup;
			children = (
				93E2637B290597360051177D /* GameResultResponse.swift */,
				93E26362290410B80051177D /* GenreResponse.swift */,
				93E2635A29040F4C0051177D /* RatingResponse.swift */,
				93E2635C29040FAB0051177D /* RequirementsResponse.swift */,
				93E2635E290410270051177D /* StoreResponse.swift */,
				93E26365290410F70051177D /* AddedByStatusResponse.swift */,
				93E26369290411680051177D /* ParentPlatformResponse.swift */,
				93E2636B290411CE0051177D /* PlatformElementResponse.swift */,
				93E263792905918B0051177D /* ShortScreenshotResponse.swift */,
			);
			path = Shared;
			sourceTree = "<group>";
		};
/* End PBXGroup section */

/* Begin PBXNativeTarget section */
		931E8E2E28F5C8AC000E0853 /* Rawg */ = {
			isa = PBXNativeTarget;
			buildConfigurationList = 931E8E3D28F5C8AC000E0853 /* Build configuration list for PBXNativeTarget "Rawg" */;
			buildPhases = (
				931E8E2B28F5C8AC000E0853 /* Sources */,
				931E8E2C28F5C8AC000E0853 /* Frameworks */,
				931E8E2D28F5C8AC000E0853 /* Resources */,
				93E2633C2902ED790051177D /* ShellScript */,
			);
			buildRules = (
			);
			dependencies = (
			);
			name = Rawg;
			packageProductDependencies = (
				93E2633E29031B170051177D /* Alamofire */,
				93E2634A2903F3280051177D /* Kingfisher */,
			);
			productName = Rawg;
			productReference = 931E8E2F28F5C8AC000E0853 /* Rawg.app */;
			productType = "com.apple.product-type.application";
		};
/* End PBXNativeTarget section */

/* Begin PBXProject section */
		931E8E2728F5C8AC000E0853 /* Project object */ = {
			isa = PBXProject;
			attributes = {
				BuildIndependentTargetsInParallel = 1;
				LastSwiftUpdateCheck = 1400;
				LastUpgradeCheck = 1400;
				TargetAttributes = {
					931E8E2E28F5C8AC000E0853 = {
						CreatedOnToolsVersion = 14.0.1;
					};
				};
			};
			buildConfigurationList = 931E8E2A28F5C8AC000E0853 /* Build configuration list for PBXProject "Rawg" */;
			compatibilityVersion = "Xcode 14.0";
			developmentRegion = en;
			hasScannedForEncodings = 0;
			knownRegions = (
				en,
				Base,
			);
			mainGroup = 931E8E2628F5C8AC000E0853;
			packageReferences = (
				93E2633D29031B170051177D /* XCRemoteSwiftPackageReference "Alamofire" */,
				93E263492903F3280051177D /* XCRemoteSwiftPackageReference "Kingfisher" */,
			);
			productRefGroup = 931E8E3028F5C8AC000E0853 /* Products */;
			projectDirPath = "";
			projectRoot = "";
			targets = (
				931E8E2E28F5C8AC000E0853 /* Rawg */,
			);
		};
/* End PBXProject section */

/* Begin PBXResourcesBuildPhase section */
		931E8E2D28F5C8AC000E0853 /* Resources */ = {
			isa = PBXResourcesBuildPhase;
			buildActionMask = 2147483647;
			files = (
				9322D4252902C51D00DD8069 /* games_response.json in Resources */,
				93A2F4022906E4AD00CDD889 /* games_top_rated_response.json in Resources */,
				931E8E3A28F5C8AC000E0853 /* Preview Assets.xcassets in Resources */,
				931E8E3728F5C8AC000E0853 /* Assets.xcassets in Resources */,
				93E2635729040E7E0051177D /* game_detail_response.json in Resources */,
			);
			runOnlyForDeploymentPostprocessing = 0;
		};
/* End PBXResourcesBuildPhase section */

/* Begin PBXShellScriptBuildPhase section */
		93E2633C2902ED790051177D /* ShellScript */ = {
			isa = PBXShellScriptBuildPhase;
			alwaysOutOfDate = 1;
			buildActionMask = 2147483647;
			files = (
			);
			inputFileListPaths = (
			);
			inputPaths = (
			);
			outputFileListPaths = (
			);
			outputPaths = (
			);
			runOnlyForDeploymentPostprocessing = 0;
			shellPath = /bin/sh;
			shellScript = "export PATH=\"$PATH:/opt/homebrew/bin\"\nif which swiftlint > /dev/null; then\n  swiftlint\nelse\n  echo \"warning: SwiftLint not installed, download from https://github.com/realm/SwiftLint\"\nfi\n";
		};
/* End PBXShellScriptBuildPhase section */

/* Begin PBXSourcesBuildPhase section */
		931E8E2B28F5C8AC000E0853 /* Sources */ = {
			isa = PBXSourcesBuildPhase;
			buildActionMask = 2147483647;
			files = (
				931E8E3528F5C8AC000E0853 /* ContentView.swift in Sources */,
				93E263322902DE950051177D /* Formatter.swift in Sources */,
				93E2636C290411CE0051177D /* PlatformElementResponse.swift in Sources */,
				93E26363290410B80051177D /* GenreResponse.swift in Sources */,
				93E573AB29145F2F009676B8 /* ProfileEdit.swift in Sources */,
				93E26374290442C90051177D /* DetailViewModel.swift in Sources */,
				93E263482903ECA60051177D /* ExploreGrid.swift in Sources */,
				93C9287F29117B3B00B28CF3 /* FavoriteViewModel.swift in Sources */,
				93E2634D2903F4960051177D /* ImageView.swift in Sources */,
				93E2637C290597360051177D /* GameResultResponse.swift in Sources */,
				93E26366290410F70051177D /* AddedByStatusResponse.swift in Sources */,
				93E2637829058FD50051177D /* GameSearchResponse.swift in Sources */,
				93E2635929040EA20051177D /* GameDetailResponse.swift in Sources */,
				93E2635529040E5A0051177D /* GameDetail.swift in Sources */,
				93A2F3F3290650DA00CDD889 /* Const.swift in Sources */,
				93E2636E29041AF00051177D /* GameRateItem.swift in Sources */,
				93E2635D29040FAB0051177D /* RequirementsResponse.swift in Sources */,
				93E2637A2905918B0051177D /* ShortScreenshotResponse.swift in Sources */,
				93C928762911765800B28CF3 /* User.xcdatamodeld in Sources */,
				93E2637029042CC90051177D /* RatingView.swift in Sources */,
				93A2F3FA29066A2700CDD889 /* Profile.swift in Sources */,
				93C92878291176E100B28CF3 /* UserProvider.swift in Sources */,
				93E2636A290411680051177D /* ParentPlatformResponse.swift in Sources */,
				93A2F4042906E85F00CDD889 /* HomeViewModel.swift in Sources */,
				9322D41D28FFC6D400DD8069 /* GamesResponse.swift in Sources */,
				93A2F3F52906511500CDD889 /* UserDefaultsUtils.swift in Sources */,
				93A2F3F02906507A00CDD889 /* Color.swift in Sources */,
				931E8E3328F5C8AC000E0853 /* RawgApp.swift in Sources */,
				93E2634F2904069E0051177D /* Shape.swift in Sources */,
				93E2637229043DA20051177D /* GameInformationItem.swift in Sources */,
				93747338291436EA009B557F /* GameFavoriteItem.swift in Sources */,
				9322D41928FFC44300DD8069 /* Space.swift in Sources */,
				93A2F3FE29066A4200CDD889 /* Home.swift in Sources */,
				93A2F4002906E2EB00CDD889 /* GameRow.swift in Sources */,
				9374733A291450D1009B557F /* BindingUtils.swift in Sources */,
				93C9287D29117AAA00B28CF3 /* Favorite.swift in Sources */,
				93C9287A2911791800B28CF3 /* FavoriteModel.swift in Sources */,
				9322D4282902C67100DD8069 /* PreviewData.swift in Sources */,
				93E263432903DC580051177D /* ExploreViewModel.swift in Sources */,
				93C92872291175E200B28CF3 /* FavoriteButton.swift in Sources */,
				93E2635B29040F4C0051177D /* RatingResponse.swift in Sources */,
				9322D41B28FFC54A00DD8069 /* Icons.swift in Sources */,
				9322D41628FFC34F00DD8069 /* GameItem.swift in Sources */,
				93E2635F290410270051177D /* StoreResponse.swift in Sources */,
				93E263452903DD080051177D /* RawgApi.swift in Sources */,
			);
			runOnlyForDeploymentPostprocessing = 0;
		};
/* End PBXSourcesBuildPhase section */

/* Begin XCBuildConfiguration section */
		931E8E3B28F5C8AC000E0853 /* Debug */ = {
			isa = XCBuildConfiguration;
			buildSettings = {
				ALWAYS_SEARCH_USER_PATHS = NO;
				CLANG_ANALYZER_NONNULL = YES;
				CLANG_ANALYZER_NUMBER_OBJECT_CONVERSION = YES_AGGRESSIVE;
				CLANG_CXX_LANGUAGE_STANDARD = "gnu++20";
				CLANG_ENABLE_MODULES = YES;
				CLANG_ENABLE_OBJC_ARC = YES;
				CLANG_ENABLE_OBJC_WEAK = YES;
				CLANG_WARN_BLOCK_CAPTURE_AUTORELEASING = YES;
				CLANG_WARN_BOOL_CONVERSION = YES;
				CLANG_WARN_COMMA = YES;
				CLANG_WARN_CONSTANT_CONVERSION = YES;
				CLANG_WARN_DEPRECATED_OBJC_IMPLEMENTATIONS = YES;
				CLANG_WARN_DIRECT_OBJC_ISA_USAGE = YES_ERROR;
				CLANG_WARN_DOCUMENTATION_COMMENTS = YES;
				CLANG_WARN_EMPTY_BODY = YES;
				CLANG_WARN_ENUM_CONVERSION = YES;
				CLANG_WARN_INFINITE_RECURSION = YES;
				CLANG_WARN_INT_CONVERSION = YES;
				CLANG_WARN_NON_LITERAL_NULL_CONVERSION = YES;
				CLANG_WARN_OBJC_IMPLICIT_RETAIN_SELF = YES;
				CLANG_WARN_OBJC_LITERAL_CONVERSION = YES;
				CLANG_WARN_OBJC_ROOT_CLASS = YES_ERROR;
				CLANG_WARN_QUOTED_INCLUDE_IN_FRAMEWORK_HEADER = YES;
				CLANG_WARN_RANGE_LOOP_ANALYSIS = YES;
				CLANG_WARN_STRICT_PROTOTYPES = YES;
				CLANG_WARN_SUSPICIOUS_MOVE = YES;
				CLANG_WARN_UNGUARDED_AVAILABILITY = YES_AGGRESSIVE;
				CLANG_WARN_UNREACHABLE_CODE = YES;
				CLANG_WARN__DUPLICATE_METHOD_MATCH = YES;
				COPY_PHASE_STRIP = NO;
				DEBUG_INFORMATION_FORMAT = dwarf;
				ENABLE_STRICT_OBJC_MSGSEND = YES;
				ENABLE_TESTABILITY = YES;
				GCC_C_LANGUAGE_STANDARD = gnu11;
				GCC_DYNAMIC_NO_PIC = NO;
				GCC_NO_COMMON_BLOCKS = YES;
				GCC_OPTIMIZATION_LEVEL = 0;
				GCC_PREPROCESSOR_DEFINITIONS = (
					"DEBUG=1",
					"$(inherited)",
				);
				GCC_WARN_64_TO_32_BIT_CONVERSION = YES;
				GCC_WARN_ABOUT_RETURN_TYPE = YES_ERROR;
				GCC_WARN_UNDECLARED_SELECTOR = YES;
				GCC_WARN_UNINITIALIZED_AUTOS = YES_AGGRESSIVE;
				GCC_WARN_UNUSED_FUNCTION = YES;
				GCC_WARN_UNUSED_VARIABLE = YES;
				IPHONEOS_DEPLOYMENT_TARGET = 16.0;
				MTL_ENABLE_DEBUG_INFO = INCLUDE_SOURCE;
				MTL_FAST_MATH = YES;
				ONLY_ACTIVE_ARCH = YES;
				SDKROOT = iphoneos;
				SWIFT_ACTIVE_COMPILATION_CONDITIONS = DEBUG;
				SWIFT_OPTIMIZATION_LEVEL = "-Onone";
			};
			name = Debug;
		};
		931E8E3C28F5C8AC000E0853 /* Release */ = {
			isa = XCBuildConfiguration;
			buildSettings = {
				ALWAYS_SEARCH_USER_PATHS = NO;
				CLANG_ANALYZER_NONNULL = YES;
				CLANG_ANALYZER_NUMBER_OBJECT_CONVERSION = YES_AGGRESSIVE;
				CLANG_CXX_LANGUAGE_STANDARD = "gnu++20";
				CLANG_ENABLE_MODULES = YES;
				CLANG_ENABLE_OBJC_ARC = YES;
				CLANG_ENABLE_OBJC_WEAK = YES;
				CLANG_WARN_BLOCK_CAPTURE_AUTORELEASING = YES;
				CLANG_WARN_BOOL_CONVERSION = YES;
				CLANG_WARN_COMMA = YES;
				CLANG_WARN_CONSTANT_CONVERSION = YES;
				CLANG_WARN_DEPRECATED_OBJC_IMPLEMENTATIONS = YES;
				CLANG_WARN_DIRECT_OBJC_ISA_USAGE = YES_ERROR;
				CLANG_WARN_DOCUMENTATION_COMMENTS = YES;
				CLANG_WARN_EMPTY_BODY = YES;
				CLANG_WARN_ENUM_CONVERSION = YES;
				CLANG_WARN_INFINITE_RECURSION = YES;
				CLANG_WARN_INT_CONVERSION = YES;
				CLANG_WARN_NON_LITERAL_NULL_CONVERSION = YES;
				CLANG_WARN_OBJC_IMPLICIT_RETAIN_SELF = YES;
				CLANG_WARN_OBJC_LITERAL_CONVERSION = YES;
				CLANG_WARN_OBJC_ROOT_CLASS = YES_ERROR;
				CLANG_WARN_QUOTED_INCLUDE_IN_FRAMEWORK_HEADER = YES;
				CLANG_WARN_RANGE_LOOP_ANALYSIS = YES;
				CLANG_WARN_STRICT_PROTOTYPES = YES;
				CLANG_WARN_SUSPICIOUS_MOVE = YES;
				CLANG_WARN_UNGUARDED_AVAILABILITY = YES_AGGRESSIVE;
				CLANG_WARN_UNREACHABLE_CODE = YES;
				CLANG_WARN__DUPLICATE_METHOD_MATCH = YES;
				COPY_PHASE_STRIP = NO;
				DEBUG_INFORMATION_FORMAT = "dwarf-with-dsym";
				ENABLE_NS_ASSERTIONS = NO;
				ENABLE_STRICT_OBJC_MSGSEND = YES;
				GCC_C_LANGUAGE_STANDARD = gnu11;
				GCC_NO_COMMON_BLOCKS = YES;
				GCC_WARN_64_TO_32_BIT_CONVERSION = YES;
				GCC_WARN_ABOUT_RETURN_TYPE = YES_ERROR;
				GCC_WARN_UNDECLARED_SELECTOR = YES;
				GCC_WARN_UNINITIALIZED_AUTOS = YES_AGGRESSIVE;
				GCC_WARN_UNUSED_FUNCTION = YES;
				GCC_WARN_UNUSED_VARIABLE = YES;
				IPHONEOS_DEPLOYMENT_TARGET = 16.0;
				MTL_ENABLE_DEBUG_INFO = NO;
				MTL_FAST_MATH = YES;
				SDKROOT = iphoneos;
				SWIFT_COMPILATION_MODE = wholemodule;
				SWIFT_OPTIMIZATION_LEVEL = "-O";
				VALIDATE_PRODUCT = YES;
			};
			name = Release;
		};
		931E8E3E28F5C8AC000E0853 /* Debug */ = {
			isa = XCBuildConfiguration;
			buildSettings = {
				ASSETCATALOG_COMPILER_APPICON_NAME = AppIcon;
				ASSETCATALOG_COMPILER_GLOBAL_ACCENT_COLOR_NAME = AccentColor;
				CODE_SIGN_STYLE = Automatic;
				CURRENT_PROJECT_VERSION = 1;
				DEVELOPMENT_ASSET_PATHS = "\"Rawg/Preview Content\"";
				ENABLE_PREVIEWS = YES;
				GENERATE_INFOPLIST_FILE = YES;
				INFOPLIST_KEY_UIApplicationSceneManifest_Generation = YES;
				INFOPLIST_KEY_UIApplicationSupportsIndirectInputEvents = YES;
				INFOPLIST_KEY_UILaunchScreen_Generation = YES;
				INFOPLIST_KEY_UISupportedInterfaceOrientations = UIInterfaceOrientationPortrait;
				INFOPLIST_KEY_UISupportedInterfaceOrientations_iPad = "UIInterfaceOrientationLandscapeLeft UIInterfaceOrientationLandscapeRight UIInterfaceOrientationPortrait UIInterfaceOrientationPortraitUpsideDown";
				LD_RUNPATH_SEARCH_PATHS = (
					"$(inherited)",
					"@executable_path/Frameworks",
				);
				MARKETING_VERSION = 1.0;
				PRODUCT_BUNDLE_IDENTIFIER = com.sneaky.Rawg;
				PRODUCT_NAME = "$(TARGET_NAME)";
				SWIFT_EMIT_LOC_STRINGS = YES;
				SWIFT_VERSION = 5.0;
				TARGETED_DEVICE_FAMILY = "1,2";
			};
			name = Debug;
		};
		931E8E3F28F5C8AC000E0853 /* Release */ = {
			isa = XCBuildConfiguration;
			buildSettings = {
				ASSETCATALOG_COMPILER_APPICON_NAME = AppIcon;
				ASSETCATALOG_COMPILER_GLOBAL_ACCENT_COLOR_NAME = AccentColor;
				CODE_SIGN_STYLE = Automatic;
				CURRENT_PROJECT_VERSION = 1;
				DEVELOPMENT_ASSET_PATHS = "\"Rawg/Preview Content\"";
				ENABLE_PREVIEWS = YES;
				GENERATE_INFOPLIST_FILE = YES;
				INFOPLIST_KEY_UIApplicationSceneManifest_Generation = YES;
				INFOPLIST_KEY_UIApplicationSupportsIndirectInputEvents = YES;
				INFOPLIST_KEY_UILaunchScreen_Generation = YES;
				INFOPLIST_KEY_UISupportedInterfaceOrientations = UIInterfaceOrientationPortrait;
				INFOPLIST_KEY_UISupportedInterfaceOrientations_iPad = "UIInterfaceOrientationLandscapeLeft UIInterfaceOrientationLandscapeRight UIInterfaceOrientationPortrait UIInterfaceOrientationPortraitUpsideDown";
				LD_RUNPATH_SEARCH_PATHS = (
					"$(inherited)",
					"@executable_path/Frameworks",
				);
				MARKETING_VERSION = 1.0;
				PRODUCT_BUNDLE_IDENTIFIER = com.sneaky.Rawg;
				PRODUCT_NAME = "$(TARGET_NAME)";
				SWIFT_EMIT_LOC_STRINGS = YES;
				SWIFT_VERSION = 5.0;
				TARGETED_DEVICE_FAMILY = "1,2";
			};
			name = Release;
		};
/* End XCBuildConfiguration section */

/* Begin XCConfigurationList section */
		931E8E2A28F5C8AC000E0853 /* Build configuration list for PBXProject "Rawg" */ = {
			isa = XCConfigurationList;
			buildConfigurations = (
				931E8E3B28F5C8AC000E0853 /* Debug */,
				931E8E3C28F5C8AC000E0853 /* Release */,
			);
			defaultConfigurationIsVisible = 0;
			defaultConfigurationName = Release;
		};
		931E8E3D28F5C8AC000E0853 /* Build configuration list for PBXNativeTarget "Rawg" */ = {
			isa = XCConfigurationList;
			buildConfigurations = (
				931E8E3E28F5C8AC000E0853 /* Debug */,
				931E8E3F28F5C8AC000E0853 /* Release */,
			);
			defaultConfigurationIsVisible = 0;
			defaultConfigurationName = Release;
		};
/* End XCConfigurationList section */

/* Begin XCRemoteSwiftPackageReference section */
		93E2633D29031B170051177D /* XCRemoteSwiftPackageReference "Alamofire" */ = {
			isa = XCRemoteSwiftPackageReference;
			repositoryURL = "https://github.com/Alamofire/Alamofire";
			requirement = {
				kind = upToNextMajorVersion;
				minimumVersion = 5.0.0;
			};
		};
		93E263492903F3280051177D /* XCRemoteSwiftPackageReference "Kingfisher" */ = {
			isa = XCRemoteSwiftPackageReference;
			repositoryURL = "https://github.com/onevcat/Kingfisher.git";
			requirement = {
				kind = upToNextMajorVersion;
				minimumVersion = 7.0.0;
			};
		};
/* End XCRemoteSwiftPackageReference section */

/* Begin XCSwiftPackageProductDependency section */
		93E2633E29031B170051177D /* Alamofire */ = {
			isa = XCSwiftPackageProductDependency;
			package = 93E2633D29031B170051177D /* XCRemoteSwiftPackageReference "Alamofire" */;
			productName = Alamofire;
		};
		93E2634A2903F3280051177D /* Kingfisher */ = {
			isa = XCSwiftPackageProductDependency;
			package = 93E263492903F3280051177D /* XCRemoteSwiftPackageReference "Kingfisher" */;
			productName = Kingfisher;
		};
/* End XCSwiftPackageProductDependency section */

/* Begin XCVersionGroup section */
		93C928742911765800B28CF3 /* User.xcdatamodeld */ = {
			isa = XCVersionGroup;
			children = (
				93C928752911765800B28CF3 /* User.xcdatamodel */,
			);
			currentVersion = 93C928752911765800B28CF3 /* User.xcdatamodel */;
			path = User.xcdatamodeld;
			sourceTree = "<group>";
			versionGroupType = wrapper.xcdatamodel;
		};
/* End XCVersionGroup section */
	};
	rootObject = 931E8E2728F5C8AC000E0853 /* Project object */;
}
